
Microsoft Visual Studio Solution File, Format Version 12.00
# Visual Studio Version 17
VisualStudioVersion = 17.10.35013.160
MinimumVisualStudioVersion = 10.0.40219.1
Project("{FAE04EC0-301F-11D3-BF4B-00C04F79EFBC}") = "DeteccionAnomaliasEnVentas", "DeteccionAnomaliasEnVentas\DeteccionAnomaliasEnVentas.csproj", "{F1AC840D-23B5-42EE-9493-A49AF5F81D2D}"
EndProject
Global
	GlobalSection(SolutionConfigurationPlatforms) = preSolution
		Debug|Any CPU = Debug|Any CPU
		Release|Any CPU = Release|Any CPU
	EndGlobalSection
	GlobalSection(ProjectConfigurationPlatforms) = postSolution
		{F1AC840D-23B5-42EE-9493-A49AF5F81D2D}.Debug|Any CPU.ActiveCfg = Debug|Any CPU
		{F1AC840D-23B5-42EE-9493-A49AF5F81D2D}.Debug|Any CPU.Build.0 = Debug|Any CPU
		{F1AC840D-23B5-42EE-9493-A49AF5F81D2D}.Release|Any CPU.ActiveCfg = Release|Any CPU
		{F1AC840D-23B5-42EE-9493-A49AF5F81D2D}.Release|Any CPU.Build.0 = Release|Any CPU
	EndGlobalSection
	GlobalSection(SolutionProperties) = preSolution
		HideSolutionNode = FALSE
	EndGlobalSection
	GlobalSection(ExtensibilityGlobals) = postSolution
		SolutionGuid = {CCE3F02E-4B85-48DB-B315-748B44A4E3DA}
	EndGlobalSection
EndGlobal
