
Microsoft Visual Studio Solution File, Format Version 12.00
# Visual Studio Version 17
VisualStudioVersion = 17.10.35013.160
MinimumVisualStudioVersion = 10.0.40219.1
Project("{FAE04EC0-301F-11D3-BF4B-00C04F79EFBC}") = "AnalisisDeSentimientos_ClasificacionBinaria", "AnalisisDeSentimientos_ClasificacionBinaria\AnalisisDeSentimientos_ClasificacionBinaria.csproj", "{6C066C49-20BA-4A5D-A135-46F36E81B530}"
EndProject
Global
	GlobalSection(SolutionConfigurationPlatforms) = preSolution
		Debug|Any CPU = Debug|Any CPU
		Release|Any CPU = Release|Any CPU
	EndGlobalSection
	GlobalSection(ProjectConfigurationPlatforms) = postSolution
		{6C066C49-20BA-4A5D-A135-46F36E81B530}.Debug|Any CPU.ActiveCfg = Debug|Any CPU
		{6C066C49-20BA-4A5D-A135-46F36E81B530}.Debug|Any CPU.Build.0 = Debug|Any CPU
		{6C066C49-20BA-4A5D-A135-46F36E81B530}.Release|Any CPU.ActiveCfg = Release|Any CPU
		{6C066C49-20BA-4A5D-A135-46F36E81B530}.Release|Any CPU.Build.0 = Release|Any CPU
	EndGlobalSection
	GlobalSection(SolutionProperties) = preSolution
		HideSolutionNode = FALSE
	EndGlobalSection
	GlobalSection(ExtensibilityGlobals) = postSolution
		SolutionGuid = {8124E0BA-5987-4D89-9B56-C9648F462872}
	EndGlobalSection
EndGlobal
